
Microsoft Visual Studio Solution File, Format Version 12.00
# Visual Studio 15
VisualStudioVersion = 15.0.28307.705
MinimumVisualStudioVersion = 10.0.40219.1
Project("{FAE04EC0-301F-11D3-BF4B-00C04F79EFBC}") = "Back_End_API", "Back_End_API\Back_End_API.csproj", "{C60EE894-5309-4488-95B2-94C526FAC03D}"
EndProject
Project("{FAE04EC0-301F-11D3-BF4B-00C04F79EFBC}") = "Back_End_API.Tests", "Back_End_API.Tests\Back_End_API.Tests.csproj", "{B95BEB24-93F1-4BB1-A78A-B87996D3D3F8}"
EndProject
Global
	GlobalSection(SolutionConfigurationPlatforms) = preSolution
		Debug|Any CPU = Debug|Any CPU
		Release|Any CPU = Release|Any CPU
	EndGlobalSection
	GlobalSection(ProjectConfigurationPlatforms) = postSolution
		{C60EE894-5309-4488-95B2-94C526FAC03D}.Debug|Any CPU.ActiveCfg = Debug|Any CPU
		{C60EE894-5309-4488-95B2-94C526FAC03D}.Debug|Any CPU.Build.0 = Debug|Any CPU
		{C60EE894-5309-4488-95B2-94C526FAC03D}.Release|Any CPU.ActiveCfg = Release|Any CPU
		{C60EE894-5309-4488-95B2-94C526FAC03D}.Release|Any CPU.Build.0 = Release|Any CPU
		{B95BEB24-93F1-4BB1-A78A-B87996D3D3F8}.Debug|Any CPU.ActiveCfg = Debug|Any CPU
		{B95BEB24-93F1-4BB1-A78A-B87996D3D3F8}.Debug|Any CPU.Build.0 = Debug|Any CPU
		{B95BEB24-93F1-4BB1-A78A-B87996D3D3F8}.Release|Any CPU.ActiveCfg = Release|Any CPU
		{B95BEB24-93F1-4BB1-A78A-B87996D3D3F8}.Release|Any CPU.Build.0 = Release|Any CPU
	EndGlobalSection
	GlobalSection(SolutionProperties) = preSolution
		HideSolutionNode = FALSE
	EndGlobalSection
	GlobalSection(ExtensibilityGlobals) = postSolution
		SolutionGuid = {27670E87-0C15-4000-BB57-AECE8F2C27D7}
	EndGlobalSection
EndGlobal
